
Microsoft Visual Studio Solution File, Format Version 12.00
# Visual Studio Version 17
VisualStudioVersion = 17.0.31919.166
MinimumVisualStudioVersion = 10.0.40219.1
Project("{9A19103F-16F7-4668-BE54-9A1E7A4F7556}") = "InstagramClone.Api", "src\InstagramClone.Api\InstagramClone.Api.csproj", "{8FDB6028-3F83-474A-B49A-1FFE6ED30842}"
EndProject
Global
	GlobalSection(SolutionConfigurationPlatforms) = preSolution
		Debug|Any CPU = Debug|Any CPU
		Release|Any CPU = Release|Any CPU
	EndGlobalSection
	GlobalSection(ProjectConfigurationPlatforms) = postSolution
		{8FDB6028-3F83-474A-B49A-1FFE6ED30842}.Debug|Any CPU.ActiveCfg = Debug|Any CPU
		{8FDB6028-3F83-474A-B49A-1FFE6ED30842}.Debug|Any CPU.Build.0 = Debug|Any CPU
		{8FDB6028-3F83-474A-B49A-1FFE6ED30842}.Release|Any CPU.ActiveCfg = Release|Any CPU
		{8FDB6028-3F83-474A-B49A-1FFE6ED30842}.Release|Any CPU.Build.0 = Release|Any CPU
	EndGlobalSection
	GlobalSection(SolutionProperties) = preSolution
		HideSolutionNode = FALSE
	EndGlobalSection
	GlobalSection(ExtensibilityGlobals) = postSolution
		SolutionGuid = {3395AD41-A82D-44C8-9361-85E14DA82D3E}
	EndGlobalSection
EndGlobal
